<?xml version="1.0" encoding="utf-8"?>
<Project ToolsVersion="4.0" xmlns="http://schemas.microsoft.com/developer/msbuild/2003">
  <ItemGroup>
    <Filter Include="Source Files">
      <UniqueIdentifier>{4FC737F1-C7A5-4376-A066-2A32D752A2FF}</UniqueIdentifier>
      <Extensions>cpp;c;cc;cxx;c++;cppm;ixx;def;odl;idl;hpj;bat;asm;asmx</Extensions>
    </Filter>
    <Filter Include="Header Files">
      <UniqueIdentifier>{93995380-89BD-4b04-88EB-625FBE52EBFB}</UniqueIdentifier>
      <Extensions>h;hh;hpp;hxx;h++;hm;inl;inc;ipp;xsd</Extensions>
    </Filter>
    <Filter Include="Resource Files">
      <UniqueIdentifier>{67DA6AB6-F800-4c08-8B7A-83BB121AAD01}</UniqueIdentifier>
      <Extensions>rc;ico;cur;bmp;dlg;rc2;rct;bin;rgs;gif;jpg;jpeg;jpe;resx;tiff;tif;png;wav;mfcribbon-ms</Extensions>
    </Filter>
    <Filter Include="Header Files\Core">
      <UniqueIdentifier>{ebbb9bd2-1725-4d17-946d-6e300f403d60}</UniqueIdentifier>
    </Filter>
    <Filter Include="Header Files\Components">
      <UniqueIdentifier>{aad3d810-b738-40c3-a0a4-956af3079d49}</UniqueIdentifier>
    </Filter>
    <Filter Include="Source Files\Core">
      <UniqueIdentifier>{b9dc50a9-00ae-4a31-8b70-8cf5c9e55be0}</UniqueIdentifier>
    </Filter>
    <Filter Include="Source Files\Components">
      <UniqueIdentifier>{d1fbcccb-6b67-4de1-a9a5-3f44e08010ee}</UniqueIdentifier>
    </Filter>
    <Filter Include="Shaders">
      <UniqueIdentifier>{88103ff3-3538-4773-9362-cd559f9bdd91}</UniqueIdentifier>
    </Filter>
    <Filter Include="Header Files\System">
      <UniqueIdentifier>{0fdaba1f-25f7-4823-a38e-1ec8ded98b77}</UniqueIdentifier>
    </Filter>
    <Filter Include="Source Files\System">
      <UniqueIdentifier>{bbce238c-f404-449f-a362-4c805d8d2ac1}</UniqueIdentifier>
    </Filter>
    <Filter Include="Header Files\Input">
      <UniqueIdentifier>{98597bd2-3c04-4564-99c7-ca227ebae95c}</UniqueIdentifier>
    </Filter>
    <Filter Include="Source Files\Input">
      <UniqueIdentifier>{485342ca-712d-4e97-ba0c-4205c0924019}</UniqueIdentifier>
    </Filter>
    <Filter Include="Header Files\Default">
      <UniqueIdentifier>{58391332-a9fc-44c3-b13e-84b561359582}</UniqueIdentifier>
    </Filter>
    <Filter Include="Header Files\Main">
      <UniqueIdentifier>{6e30cb9e-784e-4891-8731-8d8cfab6ddfd}</UniqueIdentifier>
    </Filter>
    <Filter Include="Source Files\Main">
      <UniqueIdentifier>{b2c3e895-6246-4209-81f3-98c661d35c0c}</UniqueIdentifier>
    </Filter>
    <Filter Include="Header Files\ECSystem">
      <UniqueIdentifier>{b25ec3e6-31a8-4ec2-9389-fdd850bb7e29}</UniqueIdentifier>
    </Filter>
    <Filter Include="Source Files\ECSystem">
      <UniqueIdentifier>{e4453691-81e0-47d6-b4db-8ba80e4c5fa7}</UniqueIdentifier>
    </Filter>
    <Filter Include="Source Files\Imgui">
      <UniqueIdentifier>{4c65763c-fd99-4b4e-97d8-4e767a72c3eb}</UniqueIdentifier>
    </Filter>
    <Filter Include="Header Files\Imgui">
      <UniqueIdentifier>{495f8bdc-0a73-4b97-bc18-5d76ac2a9f15}</UniqueIdentifier>
    </Filter>
  </ItemGroup>
  <ItemGroup>
    <ClInclude Include="src\Input\Keyboard.h">
      <Filter>Header Files\Input</Filter>
    </ClInclude>
    <ClInclude Include="src\Input\Mouse.h">
      <Filter>Header Files\Input</Filter>
    </ClInclude>
    <ClInclude Include="src\Engine.h">
      <Filter>Header Files\Main</Filter>
    </ClInclude>
    <ClInclude Include="src\System\WindowClass.h">
      <Filter>Header Files\System</Filter>
    </ClInclude>
    <ClInclude Include="src\System\Window.h">
      <Filter>Header Files\System</Filter>
    </ClInclude>
    <ClInclude Include="src\System\System.h">
      <Filter>Header Files\System</Filter>
    </ClInclude>
    <ClInclude Include="src\System\IMessageHandler.h">
      <Filter>Header Files\System</Filter>
    </ClInclude>
    <ClInclude Include="src\Core\Graphics.h">
      <Filter>Header Files\Core</Filter>
    </ClInclude>
    <ClInclude Include="framework.h">
      <Filter>Header Files\Default</Filter>
    </ClInclude>
    <ClInclude Include="Resource.h">
      <Filter>Header Files\Default</Filter>
    </ClInclude>
    <ClInclude Include="targetver.h">
      <Filter>Header Files\Default</Filter>
    </ClInclude>
    <ClInclude Include="src\ECSystem\Renderer.h">
      <Filter>Header Files\ECSystem</Filter>
    </ClInclude>
    <ClInclude Include="src\ECSystem\CBufferSystem.h">
      <Filter>Header Files\ECSystem</Filter>
    </ClInclude>
    <ClInclude Include="src\ECSystem\MeshManager.h">
      <Filter>Header Files\ECSystem</Filter>
    </ClInclude>
    <ClInclude Include="src\ECSystem\MeshSystem.h">
      <Filter>Header Files\ECSystem</Filter>
    </ClInclude>
    <ClInclude Include="src\ECSystem\TextureManager.h">
      <Filter>Header Files\ECSystem</Filter>
    </ClInclude>
    <ClInclude Include="vendor\imgui\imconfig.h">
      <Filter>Header Files\Imgui</Filter>
    </ClInclude>
    <ClInclude Include="vendor\imgui\imgui.h">
      <Filter>Header Files\Imgui</Filter>
    </ClInclude>
    <ClInclude Include="vendor\imgui\imgui_impl_dx11.h">
      <Filter>Header Files\Imgui</Filter>
    </ClInclude>
    <ClInclude Include="vendor\imgui\imgui_impl_win32.h">
      <Filter>Header Files\Imgui</Filter>
    </ClInclude>
    <ClInclude Include="vendor\imgui\imgui_internal.h">
      <Filter>Header Files\Imgui</Filter>
    </ClInclude>
    <ClInclude Include="vendor\imgui\imstb_rectpack.h">
      <Filter>Header Files\Imgui</Filter>
    </ClInclude>
    <ClInclude Include="vendor\imgui\imstb_textedit.h">
      <Filter>Header Files\Imgui</Filter>
    </ClInclude>
    <ClInclude Include="vendor\imgui\imstb_truetype.h">
      <Filter>Header Files\Imgui</Filter>
    </ClInclude>
    <ClInclude Include="src\ECSystem\CameraSystem.h">
      <Filter>Header Files\ECSystem</Filter>
    </ClInclude>
    <ClInclude Include="src\ECSystem\TransformSystem.h">
      <Filter>Header Files\ECSystem</Filter>
    </ClInclude>
  </ItemGroup>
  <ItemGroup>
    <ResourceCompile Include="Engine.rc">
      <Filter>Resource Files</Filter>
    </ResourceCompile>
  </ItemGroup>
  <ItemGroup>
    <Image Include="small.ico">
      <Filter>Resource Files</Filter>
    </Image>
    <Image Include="Engine.ico">
      <Filter>Resource Files</Filter>
    </Image>
  </ItemGroup>
  <ItemGroup>
    <ClCompile Include="src\Input\Mouse.cpp">
      <Filter>Source Files\Input</Filter>
    </ClCompile>
    <ClCompile Include="src\Input\Keyboard.cpp">
      <Filter>Source Files\Input</Filter>
    </ClCompile>
    <ClCompile Include="src\Engine.cpp">
      <Filter>Source Files\Main</Filter>
    </ClCompile>
    <ClCompile Include="src\main.cpp">
      <Filter>Source Files\Main</Filter>
    </ClCompile>
    <ClCompile Include="src\System\WindowClass.cpp">
      <Filter>Source Files\System</Filter>
    </ClCompile>
    <ClCompile Include="src\System\Window.cpp">
      <Filter>Source Files\System</Filter>
    </ClCompile>
    <ClCompile Include="src\System\System.cpp">
      <Filter>Source Files\System</Filter>
    </ClCompile>
    <ClCompile Include="src\Core\Graphics.cpp">
      <Filter>Source Files\Core</Filter>
    </ClCompile>
    <ClCompile Include="src\ECSystem\Renderer.cpp">
      <Filter>Source Files\ECSystem</Filter>
    </ClCompile>
    <ClCompile Include="src\ECSystem\CBufferSystem.cpp">
      <Filter>Source Files\ECSystem</Filter>
    </ClCompile>
    <ClCompile Include="src\ECSystem\MeshManager.cpp">
      <Filter>Source Files\ECSystem</Filter>
    </ClCompile>
    <ClCompile Include="src\ECSystem\MeshSystem.cpp">
      <Filter>Source Files\ECSystem</Filter>
    </ClCompile>
    <ClCompile Include="src\ECSystem\TextureManager.cpp">
      <Filter>Source Files\ECSystem</Filter>
    </ClCompile>
    <ClCompile Include="vendor\imgui\imgui.cpp">
      <Filter>Source Files\Imgui</Filter>
    </ClCompile>
    <ClCompile Include="vendor\imgui\imgui_draw.cpp">
      <Filter>Source Files\Imgui</Filter>
    </ClCompile>
    <ClCompile Include="vendor\imgui\imgui_impl_dx11.cpp">
      <Filter>Source Files\Imgui</Filter>
    </ClCompile>
    <ClCompile Include="vendor\imgui\imgui_impl_win32.cpp">
      <Filter>Source Files\Imgui</Filter>
    </ClCompile>
    <ClCompile Include="vendor\imgui\imgui_tables.cpp">
      <Filter>Source Files\Imgui</Filter>
    </ClCompile>
    <ClCompile Include="vendor\imgui\imgui_widgets.cpp">
      <Filter>Source Files\Imgui</Filter>
    </ClCompile>
    <ClCompile Include="src\ECSystem\CameraSystem.cpp">
      <Filter>Source Files\ECSystem</Filter>
    </ClCompile>
    <ClCompile Include="src\ECSystem\TransformSystem.cpp">
      <Filter>Source Files\ECSystem</Filter>
    </ClCompile>
  </ItemGroup>
  <ItemGroup>
    <FxCompile Include="src\Shader\PixelShader.hlsl">
      <Filter>Shaders</Filter>
    </FxCompile>
    <FxCompile Include="src\Shader\VertexShader.hlsl">
      <Filter>Shaders</Filter>
    </FxCompile>
  </ItemGroup>
</Project>